Microsoft Visual Studio Solution File, Format Version 12.00
# Visual Studio Version 16
VisualStudioVersion = 16.0.29020.237
MinimumVisualStudioVersion = 10.0.40219.1
Project("{9A19103F-16F7-4668-BE54-9A1E7A4F7556}") = "Acme.BookStore.Domain", "src\Acme.BookStore.Domain\Acme.BookStore.Domain.csproj", "{554AD327-6DBA-4F8F-96F8-81CE7A0C863F}"
EndProject
Project("{9A19103F-16F7-4668-BE54-9A1E7A4F7556}") = "BookManage.TestBase", "modules\BookManage\test\BookManage.TestBase\BookManage.TestBase.csproj", "{F1B3800F-24EE-4622-A38C-00896F9631E1}"
EndProject
Project("{9A19103F-16F7-4668-BE54-9A1E7A4F7556}") = "BookManage.MongoDB.Tests", "modules\BookManage\test\BookManage.MongoDB.Tests\BookManage.MongoDB.Tests.csproj", "{A22B0095-F254-415E-9200-7CA287BF1033}"
EndProject
Project("{9A19103F-16F7-4668-BE54-9A1E7A4F7556}") = "BookManage.HttpApi.Client.ConsoleTestApp", "modules\BookManage\test\BookManage.HttpApi.Client.ConsoleTestApp\BookManage.HttpApi.Client.ConsoleTestApp.csproj", "{3C1C7F80-DE6D-4019-8177-6CF135213277}"
EndProject
Project("{9A19103F-16F7-4668-BE54-9A1E7A4F7556}") = "BookManage.Domain.Tests", "modules\BookManage\test\BookManage.Domain.Tests\BookManage.Domain.Tests.csproj", "{3086BB2E-4CEA-49C6-A5B1-66CC4FC944CE}"
EndProject
Project("{2150E333-8FDC-42A3-9474-1A3956D46DE8}") = "BookManage.Tests", "BookManage.Tests", "{40CD3ADD-C137-4BE0-88CD-5CB4254FC01D}"
EndProject
Project("{9A19103F-16F7-4668-BE54-9A1E7A4F7556}") = "Ex_ImPortBook.TestBase", "modules\Ex\ImPortBook\test\Ex_ImPortBook.TestBase\Ex_ImPortBook.TestBase.csproj", "{754B4494-26A4-433D-8CA2-3A2428EA5847}"
EndProject
Project("{9A19103F-16F7-4668-BE54-9A1E7A4F7556}") = "Ex_ImPortBook.MongoDB.Tests", "modules\Ex\ImPortBook\test\Ex_ImPortBook.MongoDB.Tests\Ex_ImPortBook.MongoDB.Tests.csproj", "{3E56C24C-D561-41A2-B32D-A4EA1AD8AFFB}"
EndProject
Project("{9A19103F-16F7-4668-BE54-9A1E7A4F7556}") = "Ex_ImPortBook.HttpApi.Client.ConsoleTestApp", "modules\Ex\ImPortBook\test\Ex_ImPortBook.HttpApi.Client.ConsoleTestApp\Ex_ImPortBook.HttpApi.Client.ConsoleTestApp.csproj", "{8C66F277-BFCC-4FF3-9354-0658FC557FFC}"
EndProject
Project("{9A19103F-16F7-4668-BE54-9A1E7A4F7556}") = "Ex_ImPortBook.Domain.Tests", "modules\Ex\ImPortBook\test\Ex_ImPortBook.Domain.Tests\Ex_ImPortBook.Domain.Tests.csproj", "{4C6B1871-0F9C-44D3-BA6B-1903ED4C6FAD}"
EndProject
Project("{2150E333-8FDC-42A3-9474-1A3956D46DE8}") = "Ex/ImPortBook.Tests", "Ex/ImPortBook.Tests", "{1789AFFD-0EF1-4833-ABB8-723C4E269556}"
EndProject
Project("{9A19103F-16F7-4668-BE54-9A1E7A4F7556}") = "UserManage.TestBase", "modules\UserManage\test\UserManage.TestBase\UserManage.TestBase.csproj", "{BCCC39FF-A578-4342-B647-DB384FD4F3DC}"
EndProject
Project("{9A19103F-16F7-4668-BE54-9A1E7A4F7556}") = "UserManage.MongoDB.Tests", "modules\UserManage\test\UserManage.MongoDB.Tests\UserManage.MongoDB.Tests.csproj", "{4569E208-99F5-455B-8747-2E8FE059B093}"
EndProject
Project("{9A19103F-16F7-4668-BE54-9A1E7A4F7556}") = "UserManage.HttpApi.Client.ConsoleTestApp", "modules\UserManage\test\UserManage.HttpApi.Client.ConsoleTestApp\UserManage.HttpApi.Client.ConsoleTestApp.csproj", "{79B60E53-127A-49AB-B7F0-FA1E4916278D}"
EndProject
Project("{9A19103F-16F7-4668-BE54-9A1E7A4F7556}") = "UserManage.Domain.Tests", "modules\UserManage\test\UserManage.Domain.Tests\UserManage.Domain.Tests.csproj", "{DD8C7E4E-7ED3-41F1-91BD-FEEF749D38E7}"
EndProject
Project("{9A19103F-16F7-4668-BE54-9A1E7A4F7556}") = "UserManage.Web", "modules\UserManage\src\UserManage.Web\UserManage.Web.csproj", "{77C88E9B-E88E-4405-8FBB-E9D8E1FF13B5}"
EndProject
Project("{9A19103F-16F7-4668-BE54-9A1E7A4F7556}") = "UserManage.MongoDB", "modules\UserManage\src\UserManage.MongoDB\UserManage.MongoDB.csproj", "{837A6ECE-C61C-468B-8059-C9D571A67970}"
EndProject
Project("{9A19103F-16F7-4668-BE54-9A1E7A4F7556}") = "UserManage.HttpApi.Client", "modules\UserManage\src\UserManage.HttpApi.Client\UserManage.HttpApi.Client.csproj", "{B0E80D1D-371D-402E-921B-3DD0BCD12410}"
EndProject
Project("{9A19103F-16F7-4668-BE54-9A1E7A4F7556}") = "UserManage.HttpApi", "modules\UserManage\src\UserManage.HttpApi\UserManage.HttpApi.csproj", "{2C23D648-ACF4-4670-8AD3-C09E40E1706D}"
EndProject
Project("{9A19103F-16F7-4668-BE54-9A1E7A4F7556}") = "UserManage.Domain.Shared", "modules\UserManage\src\UserManage.Domain.Shared\UserManage.Domain.Shared.csproj", "{7615723A-A5B9-454D-A483-13D71D43FAFB}"
EndProject
Project("{9A19103F-16F7-4668-BE54-9A1E7A4F7556}") = "UserManage.Domain", "modules\UserManage\src\UserManage.Domain\UserManage.Domain.csproj", "{74C9B38B-D658-49A4-B19F-22381083624B}"
EndProject
Project("{9A19103F-16F7-4668-BE54-9A1E7A4F7556}") = "UserManage.Application.Contracts", "modules\UserManage\src\UserManage.Application.Contracts\UserManage.Application.Contracts.csproj", "{20D5DEB9-1F65-448A-9CB3-A47E4E992F1D}"
EndProject
Project("{9A19103F-16F7-4668-BE54-9A1E7A4F7556}") = "UserManage.Application", "modules\UserManage\src\UserManage.Application\UserManage.Application.csproj", "{B59F364C-1A26-4D4F-AD7D-E6529096E869}"
EndProject
Project("{2150E333-8FDC-42A3-9474-1A3956D46DE8}") = "UserManage.Tests", "UserManage.Tests", "{821048A5-2D18-42D3-91DE-441E849843E4}"
EndProject
Project("{2150E333-8FDC-42A3-9474-1A3956D46DE8}") = "UserManage", "UserManage", "{02346E8F-E3B9-4A4F-8BC3-5395079C6B65}"
EndProject
Project("{2150E333-8FDC-42A3-9474-1A3956D46DE8}") = "modules", "modules", "{D2A8512E-29BD-4BD3-B4B0-AECF093762BD}"
EndProject
Project("{9A19103F-16F7-4668-BE54-9A1E7A4F7556}") = "Acme.BookStore.Application", "src\Acme.BookStore.Application\Acme.BookStore.Application.csproj", "{1A94A50E-06DC-43C1-80B5-B662820EC3EB}"
EndProject
Project("{9A19103F-16F7-4668-BE54-9A1E7A4F7556}") = "Acme.BookStore.Web", "src\Acme.BookStore.Web\Acme.BookStore.Web.csproj", "{068855E8-9240-4F1A-910B-CF825794513B}"
EndProject
Project("{2150E333-8FDC-42A3-9474-1A3956D46DE8}") = "src", "src", "{CA9AC87F-097E-4F15-8393-4BC07735A5B0}"
EndProject
Project("{2150E333-8FDC-42A3-9474-1A3956D46DE8}") = "test", "test", "{04DBDB01-70F4-4E06-B468-8F87850B22BE}"
EndProject
Project("{9A19103F-16F7-4668-BE54-9A1E7A4F7556}") = "Acme.BookStore.Application.Tests", "test\Acme.BookStore.Application.Tests\Acme.BookStore.Application.Tests.csproj", "{50B2631D-129C-47B3-A587-029CCD6099BC}"
EndProject
Project("{9A19103F-16F7-4668-BE54-9A1E7A4F7556}") = "Acme.BookStore.Web.Tests", "test\Acme.BookStore.Web.Tests\Acme.BookStore.Web.Tests.csproj", "{5F1B28C6-8D0C-4155-92D0-252F7EA5F674}"
EndProject
Project("{9A19103F-16F7-4668-BE54-9A1E7A4F7556}") = "Acme.BookStore.MongoDB", "src\Acme.BookStore.MongoDB\Acme.BookStore.MongoDB.csproj", "{E3444355-D47E-431E-BDD0-DD3A7113B2AE}"
EndProject
Project("{9A19103F-16F7-4668-BE54-9A1E7A4F7556}") = "Acme.BookStore.Domain.Shared", "src\Acme.BookStore.Domain.Shared\Acme.BookStore.Domain.Shared.csproj", "{42F719ED-8413-4895-B5B4-5AB56079BC66}"
EndProject
Project("{9A19103F-16F7-4668-BE54-9A1E7A4F7556}") = "Acme.BookStore.Application.Contracts", "src\Acme.BookStore.Application.Contracts\Acme.BookStore.Application.Contracts.csproj", "{520659C8-C734-4298-A3DA-B539DB9DFC0B}"
EndProject
Project("{9A19103F-16F7-4668-BE54-9A1E7A4F7556}") = "Acme.BookStore.HttpApi", "src\Acme.BookStore.HttpApi\Acme.BookStore.HttpApi.csproj", "{4164BDF7-F527-4E85-9CE6-E3C2D7426A27}"
EndProject
Project("{9A19103F-16F7-4668-BE54-9A1E7A4F7556}") = "Acme.BookStore.HttpApi.Client", "src\Acme.BookStore.HttpApi.Client\Acme.BookStore.HttpApi.Client.csproj", "{3B5A0094-670D-4BB1-BFDD-61B88A8773DC}"
EndProject
Project("{9A19103F-16F7-4668-BE54-9A1E7A4F7556}") = "Acme.BookStore.TestBase", "test\Acme.BookStore.TestBase\Acme.BookStore.TestBase.csproj", "{91853F21-9CD9-4132-BC29-A7D5D84FFFE7}"
EndProject
Project("{9A19103F-16F7-4668-BE54-9A1E7A4F7556}") = "Acme.BookStore.Domain.Tests", "test\Acme.BookStore.Domain.Tests\Acme.BookStore.Domain.Tests.csproj", "{E512F4D9-9375-480F-A2F6-A46509F9D824}"
EndProject
Project("{9A19103F-16F7-4668-BE54-9A1E7A4F7556}") = "Acme.BookStore.MongoDB.Tests", "test\Acme.BookStore.MongoDB.Tests\Acme.BookStore.MongoDB.Tests.csproj", "{6015D17B-104B-4EC2-A9B7-D8A40C891458}"
EndProject
Project("{9A19103F-16F7-4668-BE54-9A1E7A4F7556}") = "Acme.BookStore.HttpApi.Client.ConsoleTestApp", "test\Acme.BookStore.HttpApi.Client.ConsoleTestApp\Acme.BookStore.HttpApi.Client.ConsoleTestApp.csproj", "{EF480016-9127-4916-8735-D2466BDBC582}"
EndProject
Project("{9A19103F-16F7-4668-BE54-9A1E7A4F7556}") = "Acme.BookStore.DbMigrator", "src\Acme.BookStore.DbMigrator\Acme.BookStore.DbMigrator.csproj", "{AA94D832-1CCC-4715-95A9-A483F23A1A5D}"
EndProject
Global
	GlobalSection(SolutionConfigurationPlatforms) = preSolution
		Debug|Any CPU = Debug|Any CPU
		Release|Any CPU = Release|Any CPU
	EndGlobalSection
	GlobalSection(ProjectConfigurationPlatforms) = postSolution
		{554AD327-6DBA-4F8F-96F8-81CE7A0C863F}.Debug|Any CPU.ActiveCfg = Debug|Any CPU
		{554AD327-6DBA-4F8F-96F8-81CE7A0C863F}.Debug|Any CPU.Build.0 = Debug|Any CPU
		{554AD327-6DBA-4F8F-96F8-81CE7A0C863F}.Release|Any CPU.ActiveCfg = Release|Any CPU
		{554AD327-6DBA-4F8F-96F8-81CE7A0C863F}.Release|Any CPU.Build.0 = Release|Any CPU
		{F1B3800F-24EE-4622-A38C-00896F9631E1}.Debug|Any CPU.ActiveCfg = Debug|Any CPU
		{F1B3800F-24EE-4622-A38C-00896F9631E1}.Debug|Any CPU.Build.0 = Debug|Any CPU
		{F1B3800F-24EE-4622-A38C-00896F9631E1}.Release|Any CPU.ActiveCfg = Release|Any CPU
		{F1B3800F-24EE-4622-A38C-00896F9631E1}.Release|Any CPU.Build.0 = Release|Any CPU
		{A22B0095-F254-415E-9200-7CA287BF1033}.Debug|Any CPU.ActiveCfg = Debug|Any CPU
		{A22B0095-F254-415E-9200-7CA287BF1033}.Debug|Any CPU.Build.0 = Debug|Any CPU
		{A22B0095-F254-415E-9200-7CA287BF1033}.Release|Any CPU.ActiveCfg = Release|Any CPU
		{A22B0095-F254-415E-9200-7CA287BF1033}.Release|Any CPU.Build.0 = Release|Any CPU
		{3C1C7F80-DE6D-4019-8177-6CF135213277}.Debug|Any CPU.ActiveCfg = Debug|Any CPU
		{3C1C7F80-DE6D-4019-8177-6CF135213277}.Debug|Any CPU.Build.0 = Debug|Any CPU
		{3C1C7F80-DE6D-4019-8177-6CF135213277}.Release|Any CPU.ActiveCfg = Release|Any CPU
		{3C1C7F80-DE6D-4019-8177-6CF135213277}.Release|Any CPU.Build.0 = Release|Any CPU
		{3086BB2E-4CEA-49C6-A5B1-66CC4FC944CE}.Debug|Any CPU.ActiveCfg = Debug|Any CPU
		{3086BB2E-4CEA-49C6-A5B1-66CC4FC944CE}.Debug|Any CPU.Build.0 = Debug|Any CPU
		{3086BB2E-4CEA-49C6-A5B1-66CC4FC944CE}.Release|Any CPU.ActiveCfg = Release|Any CPU
		{3086BB2E-4CEA-49C6-A5B1-66CC4FC944CE}.Release|Any CPU.Build.0 = Release|Any CPU
		{754B4494-26A4-433D-8CA2-3A2428EA5847}.Debug|Any CPU.ActiveCfg = Debug|Any CPU
		{754B4494-26A4-433D-8CA2-3A2428EA5847}.Debug|Any CPU.Build.0 = Debug|Any CPU
		{754B4494-26A4-433D-8CA2-3A2428EA5847}.Release|Any CPU.ActiveCfg = Release|Any CPU
		{754B4494-26A4-433D-8CA2-3A2428EA5847}.Release|Any CPU.Build.0 = Release|Any CPU
		{3E56C24C-D561-41A2-B32D-A4EA1AD8AFFB}.Debug|Any CPU.ActiveCfg = Debug|Any CPU
		{3E56C24C-D561-41A2-B32D-A4EA1AD8AFFB}.Debug|Any CPU.Build.0 = Debug|Any CPU
		{3E56C24C-D561-41A2-B32D-A4EA1AD8AFFB}.Release|Any CPU.ActiveCfg = Release|Any CPU
		{3E56C24C-D561-41A2-B32D-A4EA1AD8AFFB}.Release|Any CPU.Build.0 = Release|Any CPU
		{8C66F277-BFCC-4FF3-9354-0658FC557FFC}.Debug|Any CPU.ActiveCfg = Debug|Any CPU
		{8C66F277-BFCC-4FF3-9354-0658FC557FFC}.Debug|Any CPU.Build.0 = Debug|Any CPU
		{8C66F277-BFCC-4FF3-9354-0658FC557FFC}.Release|Any CPU.ActiveCfg = Release|Any CPU
		{8C66F277-BFCC-4FF3-9354-0658FC557FFC}.Release|Any CPU.Build.0 = Release|Any CPU
		{4C6B1871-0F9C-44D3-BA6B-1903ED4C6FAD}.Debug|Any CPU.ActiveCfg = Debug|Any CPU
		{4C6B1871-0F9C-44D3-BA6B-1903ED4C6FAD}.Debug|Any CPU.Build.0 = Debug|Any CPU
		{4C6B1871-0F9C-44D3-BA6B-1903ED4C6FAD}.Release|Any CPU.ActiveCfg = Release|Any CPU
		{4C6B1871-0F9C-44D3-BA6B-1903ED4C6FAD}.Release|Any CPU.Build.0 = Release|Any CPU
		{BCCC39FF-A578-4342-B647-DB384FD4F3DC}.Debug|Any CPU.ActiveCfg = Debug|Any CPU
		{BCCC39FF-A578-4342-B647-DB384FD4F3DC}.Debug|Any CPU.Build.0 = Debug|Any CPU
		{BCCC39FF-A578-4342-B647-DB384FD4F3DC}.Release|Any CPU.ActiveCfg = Release|Any CPU
		{BCCC39FF-A578-4342-B647-DB384FD4F3DC}.Release|Any CPU.Build.0 = Release|Any CPU
		{4569E208-99F5-455B-8747-2E8FE059B093}.Debug|Any CPU.ActiveCfg = Debug|Any CPU
		{4569E208-99F5-455B-8747-2E8FE059B093}.Debug|Any CPU.Build.0 = Debug|Any CPU
		{4569E208-99F5-455B-8747-2E8FE059B093}.Release|Any CPU.ActiveCfg = Release|Any CPU
		{4569E208-99F5-455B-8747-2E8FE059B093}.Release|Any CPU.Build.0 = Release|Any CPU
		{79B60E53-127A-49AB-B7F0-FA1E4916278D}.Debug|Any CPU.ActiveCfg = Debug|Any CPU
		{79B60E53-127A-49AB-B7F0-FA1E4916278D}.Debug|Any CPU.Build.0 = Debug|Any CPU
		{79B60E53-127A-49AB-B7F0-FA1E4916278D}.Release|Any CPU.ActiveCfg = Release|Any CPU
		{79B60E53-127A-49AB-B7F0-FA1E4916278D}.Release|Any CPU.Build.0 = Release|Any CPU
		{DD8C7E4E-7ED3-41F1-91BD-FEEF749D38E7}.Debug|Any CPU.ActiveCfg = Debug|Any CPU
		{DD8C7E4E-7ED3-41F1-91BD-FEEF749D38E7}.Debug|Any CPU.Build.0 = Debug|Any CPU
		{DD8C7E4E-7ED3-41F1-91BD-FEEF749D38E7}.Release|Any CPU.ActiveCfg = Release|Any CPU
		{DD8C7E4E-7ED3-41F1-91BD-FEEF749D38E7}.Release|Any CPU.Build.0 = Release|Any CPU
		{77C88E9B-E88E-4405-8FBB-E9D8E1FF13B5}.Debug|Any CPU.ActiveCfg = Debug|Any CPU
		{77C88E9B-E88E-4405-8FBB-E9D8E1FF13B5}.Debug|Any CPU.Build.0 = Debug|Any CPU
		{77C88E9B-E88E-4405-8FBB-E9D8E1FF13B5}.Release|Any CPU.ActiveCfg = Release|Any CPU
		{77C88E9B-E88E-4405-8FBB-E9D8E1FF13B5}.Release|Any CPU.Build.0 = Release|Any CPU
		{837A6ECE-C61C-468B-8059-C9D571A67970}.Debug|Any CPU.ActiveCfg = Debug|Any CPU
		{837A6ECE-C61C-468B-8059-C9D571A67970}.Debug|Any CPU.Build.0 = Debug|Any CPU
		{837A6ECE-C61C-468B-8059-C9D571A67970}.Release|Any CPU.ActiveCfg = Release|Any CPU
		{837A6ECE-C61C-468B-8059-C9D571A67970}.Release|Any CPU.Build.0 = Release|Any CPU
		{B0E80D1D-371D-402E-921B-3DD0BCD12410}.Debug|Any CPU.ActiveCfg = Debug|Any CPU
		{B0E80D1D-371D-402E-921B-3DD0BCD12410}.Debug|Any CPU.Build.0 = Debug|Any CPU
		{B0E80D1D-371D-402E-921B-3DD0BCD12410}.Release|Any CPU.ActiveCfg = Release|Any CPU
		{B0E80D1D-371D-402E-921B-3DD0BCD12410}.Release|Any CPU.Build.0 = Release|Any CPU
		{2C23D648-ACF4-4670-8AD3-C09E40E1706D}.Debug|Any CPU.ActiveCfg = Debug|Any CPU
		{2C23D648-ACF4-4670-8AD3-C09E40E1706D}.Debug|Any CPU.Build.0 = Debug|Any CPU
		{2C23D648-ACF4-4670-8AD3-C09E40E1706D}.Release|Any CPU.ActiveCfg = Release|Any CPU
		{2C23D648-ACF4-4670-8AD3-C09E40E1706D}.Release|Any CPU.Build.0 = Release|Any CPU
		{7615723A-A5B9-454D-A483-13D71D43FAFB}.Debug|Any CPU.ActiveCfg = Debug|Any CPU
		{7615723A-A5B9-454D-A483-13D71D43FAFB}.Debug|Any CPU.Build.0 = Debug|Any CPU
		{7615723A-A5B9-454D-A483-13D71D43FAFB}.Release|Any CPU.ActiveCfg = Release|Any CPU
		{7615723A-A5B9-454D-A483-13D71D43FAFB}.Release|Any CPU.Build.0 = Release|Any CPU
		{74C9B38B-D658-49A4-B19F-22381083624B}.Debug|Any CPU.ActiveCfg = Debug|Any CPU
		{74C9B38B-D658-49A4-B19F-22381083624B}.Debug|Any CPU.Build.0 = Debug|Any CPU
		{74C9B38B-D658-49A4-B19F-22381083624B}.Release|Any CPU.ActiveCfg = Release|Any CPU
		{74C9B38B-D658-49A4-B19F-22381083624B}.Release|Any CPU.Build.0 = Release|Any CPU
		{20D5DEB9-1F65-448A-9CB3-A47E4E992F1D}.Debug|Any CPU.ActiveCfg = Debug|Any CPU
		{20D5DEB9-1F65-448A-9CB3-A47E4E992F1D}.Debug|Any CPU.Build.0 = Debug|Any CPU
		{20D5DEB9-1F65-448A-9CB3-A47E4E992F1D}.Release|Any CPU.ActiveCfg = Release|Any CPU
		{20D5DEB9-1F65-448A-9CB3-A47E4E992F1D}.Release|Any CPU.Build.0 = Release|Any CPU
		{B59F364C-1A26-4D4F-AD7D-E6529096E869}.Debug|Any CPU.ActiveCfg = Debug|Any CPU
		{B59F364C-1A26-4D4F-AD7D-E6529096E869}.Debug|Any CPU.Build.0 = Debug|Any CPU
		{B59F364C-1A26-4D4F-AD7D-E6529096E869}.Release|Any CPU.ActiveCfg = Release|Any CPU
		{B59F364C-1A26-4D4F-AD7D-E6529096E869}.Release|Any CPU.Build.0 = Release|Any CPU
		{1A94A50E-06DC-43C1-80B5-B662820EC3EB}.Debug|Any CPU.ActiveCfg = Debug|Any CPU
		{1A94A50E-06DC-43C1-80B5-B662820EC3EB}.Debug|Any CPU.Build.0 = Debug|Any CPU
		{1A94A50E-06DC-43C1-80B5-B662820EC3EB}.Release|Any CPU.ActiveCfg = Release|Any CPU
		{1A94A50E-06DC-43C1-80B5-B662820EC3EB}.Release|Any CPU.Build.0 = Release|Any CPU
		{068855E8-9240-4F1A-910B-CF825794513B}.Debug|Any CPU.ActiveCfg = Debug|Any CPU
		{068855E8-9240-4F1A-910B-CF825794513B}.Debug|Any CPU.Build.0 = Debug|Any CPU
		{068855E8-9240-4F1A-910B-CF825794513B}.Release|Any CPU.ActiveCfg = Release|Any CPU
		{068855E8-9240-4F1A-910B-CF825794513B}.Release|Any CPU.Build.0 = Release|Any CPU
		{50B2631D-129C-47B3-A587-029CCD6099BC}.Debug|Any CPU.ActiveCfg = Debug|Any CPU
		{50B2631D-129C-47B3-A587-029CCD6099BC}.Debug|Any CPU.Build.0 = Debug|Any CPU
		{50B2631D-129C-47B3-A587-029CCD6099BC}.Release|Any CPU.ActiveCfg = Release|Any CPU
		{50B2631D-129C-47B3-A587-029CCD6099BC}.Release|Any CPU.Build.0 = Release|Any CPU
		{5F1B28C6-8D0C-4155-92D0-252F7EA5F674}.Debug|Any CPU.ActiveCfg = Debug|Any CPU
		{5F1B28C6-8D0C-4155-92D0-252F7EA5F674}.Debug|Any CPU.Build.0 = Debug|Any CPU
		{5F1B28C6-8D0C-4155-92D0-252F7EA5F674}.Release|Any CPU.ActiveCfg = Release|Any CPU
		{5F1B28C6-8D0C-4155-92D0-252F7EA5F674}.Release|Any CPU.Build.0 = Release|Any CPU
		{E3444355-D47E-431E-BDD0-DD3A7113B2AE}.Debug|Any CPU.ActiveCfg = Debug|Any CPU
		{E3444355-D47E-431E-BDD0-DD3A7113B2AE}.Debug|Any CPU.Build.0 = Debug|Any CPU
		{E3444355-D47E-431E-BDD0-DD3A7113B2AE}.Release|Any CPU.ActiveCfg = Release|Any CPU
		{E3444355-D47E-431E-BDD0-DD3A7113B2AE}.Release|Any CPU.Build.0 = Release|Any CPU
		{42F719ED-8413-4895-B5B4-5AB56079BC66}.Debug|Any CPU.ActiveCfg = Debug|Any CPU
		{42F719ED-8413-4895-B5B4-5AB56079BC66}.Debug|Any CPU.Build.0 = Debug|Any CPU
		{42F719ED-8413-4895-B5B4-5AB56079BC66}.Release|Any CPU.ActiveCfg = Release|Any CPU
		{42F719ED-8413-4895-B5B4-5AB56079BC66}.Release|Any CPU.Build.0 = Release|Any CPU
		{520659C8-C734-4298-A3DA-B539DB9DFC0B}.Debug|Any CPU.ActiveCfg = Debug|Any CPU
		{520659C8-C734-4298-A3DA-B539DB9DFC0B}.Debug|Any CPU.Build.0 = Debug|Any CPU
		{520659C8-C734-4298-A3DA-B539DB9DFC0B}.Release|Any CPU.ActiveCfg = Release|Any CPU
		{520659C8-C734-4298-A3DA-B539DB9DFC0B}.Release|Any CPU.Build.0 = Release|Any CPU
		{4164BDF7-F527-4E85-9CE6-E3C2D7426A27}.Debug|Any CPU.ActiveCfg = Debug|Any CPU
		{4164BDF7-F527-4E85-9CE6-E3C2D7426A27}.Debug|Any CPU.Build.0 = Debug|Any CPU
		{4164BDF7-F527-4E85-9CE6-E3C2D7426A27}.Release|Any CPU.ActiveCfg = Release|Any CPU
		{4164BDF7-F527-4E85-9CE6-E3C2D7426A27}.Release|Any CPU.Build.0 = Release|Any CPU
		{3B5A0094-670D-4BB1-BFDD-61B88A8773DC}.Debug|Any CPU.ActiveCfg = Debug|Any CPU
		{3B5A0094-670D-4BB1-BFDD-61B88A8773DC}.Debug|Any CPU.Build.0 = Debug|Any CPU
		{3B5A0094-670D-4BB1-BFDD-61B88A8773DC}.Release|Any CPU.ActiveCfg = Release|Any CPU
		{3B5A0094-670D-4BB1-BFDD-61B88A8773DC}.Release|Any CPU.Build.0 = Release|Any CPU
		{91853F21-9CD9-4132-BC29-A7D5D84FFFE7}.Debug|Any CPU.ActiveCfg = Debug|Any CPU
		{91853F21-9CD9-4132-BC29-A7D5D84FFFE7}.Debug|Any CPU.Build.0 = Debug|Any CPU
		{91853F21-9CD9-4132-BC29-A7D5D84FFFE7}.Release|Any CPU.ActiveCfg = Release|Any CPU
		{91853F21-9CD9-4132-BC29-A7D5D84FFFE7}.Release|Any CPU.Build.0 = Release|Any CPU
		{E512F4D9-9375-480F-A2F6-A46509F9D824}.Debug|Any CPU.ActiveCfg = Debug|Any CPU
		{E512F4D9-9375-480F-A2F6-A46509F9D824}.Debug|Any CPU.Build.0 = Debug|Any CPU
		{E512F4D9-9375-480F-A2F6-A46509F9D824}.Release|Any CPU.ActiveCfg = Release|Any CPU
		{E512F4D9-9375-480F-A2F6-A46509F9D824}.Release|Any CPU.Build.0 = Release|Any CPU
		{6015D17B-104B-4EC2-A9B7-D8A40C891458}.Debug|Any CPU.ActiveCfg = Debug|Any CPU
		{6015D17B-104B-4EC2-A9B7-D8A40C891458}.Debug|Any CPU.Build.0 = Debug|Any CPU
		{6015D17B-104B-4EC2-A9B7-D8A40C891458}.Release|Any CPU.ActiveCfg = Release|Any CPU
		{6015D17B-104B-4EC2-A9B7-D8A40C891458}.Release|Any CPU.Build.0 = Release|Any CPU
		{EF480016-9127-4916-8735-D2466BDBC582}.Debug|Any CPU.ActiveCfg = Debug|Any CPU
		{EF480016-9127-4916-8735-D2466BDBC582}.Debug|Any CPU.Build.0 = Debug|Any CPU
		{EF480016-9127-4916-8735-D2466BDBC582}.Release|Any CPU.ActiveCfg = Release|Any CPU
		{EF480016-9127-4916-8735-D2466BDBC582}.Release|Any CPU.Build.0 = Release|Any CPU
		{AA94D832-1CCC-4715-95A9-A483F23A1A5D}.Debug|Any CPU.ActiveCfg = Debug|Any CPU
		{AA94D832-1CCC-4715-95A9-A483F23A1A5D}.Debug|Any CPU.Build.0 = Debug|Any CPU
		{AA94D832-1CCC-4715-95A9-A483F23A1A5D}.Release|Any CPU.ActiveCfg = Release|Any CPU
		{AA94D832-1CCC-4715-95A9-A483F23A1A5D}.Release|Any CPU.Build.0 = Release|Any CPU
	EndGlobalSection
	GlobalSection(SolutionProperties) = preSolution
		HideSolutionNode = FALSE
	EndGlobalSection
	GlobalSection(NestedProjects) = preSolution
		{554AD327-6DBA-4F8F-96F8-81CE7A0C863F} = {CA9AC87F-097E-4F15-8393-4BC07735A5B0}
		{F1B3800F-24EE-4622-A38C-00896F9631E1} = {40CD3ADD-C137-4BE0-88CD-5CB4254FC01D}
		{A22B0095-F254-415E-9200-7CA287BF1033} = {40CD3ADD-C137-4BE0-88CD-5CB4254FC01D}
		{3C1C7F80-DE6D-4019-8177-6CF135213277} = {40CD3ADD-C137-4BE0-88CD-5CB4254FC01D}
		{3086BB2E-4CEA-49C6-A5B1-66CC4FC944CE} = {40CD3ADD-C137-4BE0-88CD-5CB4254FC01D}
		{40CD3ADD-C137-4BE0-88CD-5CB4254FC01D} = {04DBDB01-70F4-4E06-B468-8F87850B22BE}
		{754B4494-26A4-433D-8CA2-3A2428EA5847} = {1789AFFD-0EF1-4833-ABB8-723C4E269556}
		{3E56C24C-D561-41A2-B32D-A4EA1AD8AFFB} = {1789AFFD-0EF1-4833-ABB8-723C4E269556}
		{8C66F277-BFCC-4FF3-9354-0658FC557FFC} = {1789AFFD-0EF1-4833-ABB8-723C4E269556}
		{4C6B1871-0F9C-44D3-BA6B-1903ED4C6FAD} = {1789AFFD-0EF1-4833-ABB8-723C4E269556}
		{1789AFFD-0EF1-4833-ABB8-723C4E269556} = {04DBDB01-70F4-4E06-B468-8F87850B22BE}
		{BCCC39FF-A578-4342-B647-DB384FD4F3DC} = {821048A5-2D18-42D3-91DE-441E849843E4}
		{4569E208-99F5-455B-8747-2E8FE059B093} = {821048A5-2D18-42D3-91DE-441E849843E4}
		{79B60E53-127A-49AB-B7F0-FA1E4916278D} = {821048A5-2D18-42D3-91DE-441E849843E4}
		{DD8C7E4E-7ED3-41F1-91BD-FEEF749D38E7} = {821048A5-2D18-42D3-91DE-441E849843E4}
		{77C88E9B-E88E-4405-8FBB-E9D8E1FF13B5} = {02346E8F-E3B9-4A4F-8BC3-5395079C6B65}
		{837A6ECE-C61C-468B-8059-C9D571A67970} = {02346E8F-E3B9-4A4F-8BC3-5395079C6B65}
		{B0E80D1D-371D-402E-921B-3DD0BCD12410} = {02346E8F-E3B9-4A4F-8BC3-5395079C6B65}
		{2C23D648-ACF4-4670-8AD3-C09E40E1706D} = {02346E8F-E3B9-4A4F-8BC3-5395079C6B65}
		{7615723A-A5B9-454D-A483-13D71D43FAFB} = {02346E8F-E3B9-4A4F-8BC3-5395079C6B65}
		{74C9B38B-D658-49A4-B19F-22381083624B} = {02346E8F-E3B9-4A4F-8BC3-5395079C6B65}
		{20D5DEB9-1F65-448A-9CB3-A47E4E992F1D} = {02346E8F-E3B9-4A4F-8BC3-5395079C6B65}
		{B59F364C-1A26-4D4F-AD7D-E6529096E869} = {02346E8F-E3B9-4A4F-8BC3-5395079C6B65}
		{821048A5-2D18-42D3-91DE-441E849843E4} = {04DBDB01-70F4-4E06-B468-8F87850B22BE}
		{02346E8F-E3B9-4A4F-8BC3-5395079C6B65} = {D2A8512E-29BD-4BD3-B4B0-AECF093762BD}
		{1A94A50E-06DC-43C1-80B5-B662820EC3EB} = {CA9AC87F-097E-4F15-8393-4BC07735A5B0}
		{068855E8-9240-4F1A-910B-CF825794513B} = {CA9AC87F-097E-4F15-8393-4BC07735A5B0}
		{50B2631D-129C-47B3-A587-029CCD6099BC} = {04DBDB01-70F4-4E06-B468-8F87850B22BE}
		{5F1B28C6-8D0C-4155-92D0-252F7EA5F674} = {04DBDB01-70F4-4E06-B468-8F87850B22BE}
		{E3444355-D47E-431E-BDD0-DD3A7113B2AE} = {CA9AC87F-097E-4F15-8393-4BC07735A5B0}
		{42F719ED-8413-4895-B5B4-5AB56079BC66} = {CA9AC87F-097E-4F15-8393-4BC07735A5B0}
		{520659C8-C734-4298-A3DA-B539DB9DFC0B} = {CA9AC87F-097E-4F15-8393-4BC07735A5B0}
		{4164BDF7-F527-4E85-9CE6-E3C2D7426A27} = {CA9AC87F-097E-4F15-8393-4BC07735A5B0}
		{3B5A0094-670D-4BB1-BFDD-61B88A8773DC} = {CA9AC87F-097E-4F15-8393-4BC07735A5B0}
		{91853F21-9CD9-4132-BC29-A7D5D84FFFE7} = {04DBDB01-70F4-4E06-B468-8F87850B22BE}
		{E512F4D9-9375-480F-A2F6-A46509F9D824} = {04DBDB01-70F4-4E06-B468-8F87850B22BE}
		{6015D17B-104B-4EC2-A9B7-D8A40C891458} = {04DBDB01-70F4-4E06-B468-8F87850B22BE}
		{EF480016-9127-4916-8735-D2466BDBC582} = {04DBDB01-70F4-4E06-B468-8F87850B22BE}
		{AA94D832-1CCC-4715-95A9-A483F23A1A5D} = {CA9AC87F-097E-4F15-8393-4BC07735A5B0}
	EndGlobalSection
	GlobalSection(ExtensibilityGlobals) = postSolution
		SolutionGuid = {28315BFD-90E7-4E14-A2EA-F3D23AF4126F}
	EndGlobalSection
EndGlobal
